
Microsoft Visual Studio Solution File, Format Version 12.00
# Visual Studio 15
VisualStudioVersion = 15.0.26730.16
MinimumVisualStudioVersion = 10.0.40219.1
Project("{9A19103F-16F7-4668-BE54-9A1E7A4F7556}") = "SlickOne.Data", "SlickOne.Data\SlickOne.Data.csproj", "{857BCC23-BBDC-49B1-A182-DEE724880111}"
EndProject
Project("{FAE04EC0-301F-11D3-BF4B-00C04F79EFBC}") = "Dapper", "Dapper\Dapper.csproj", "{4DA6306B-B9F0-4E06-ACA0-2A1400DD9BD0}"
EndProject
Project("{9A19103F-16F7-4668-BE54-9A1E7A4F7556}") = "SlickOne.Module", "SlickOne.Module\SlickOne.Module.csproj", "{769EC0AA-5139-403E-ABB4-502AA13283F0}"
EndProject
Project("{9A19103F-16F7-4668-BE54-9A1E7A4F7556}") = "SlickOne.Module.AuthImpl", "SlickOne.Module.AuthImpl\SlickOne.Module.AuthImpl.csproj", "{2AD6F0AC-38DC-463D-96B0-1E1831AEA05E}"
EndProject
Project("{9A19103F-16F7-4668-BE54-9A1E7A4F7556}") = "SlickOne.WebUtility", "SlickOne.WebUtility\SlickOne.WebUtility.csproj", "{EE5C936D-1912-48BF-874F-F489474A75E2}"
EndProject
Project("{9A19103F-16F7-4668-BE54-9A1E7A4F7556}") = "SlickOne.Web", "SlickOne.Web\SlickOne.Web.csproj", "{371316A7-557D-4E56-8F4D-E52FC111830B}"
EndProject
Project("{FAE04EC0-301F-11D3-BF4B-00C04F79EFBC}") = "SlickOne.Module.MessageImpl", "SlickOne.Module.MessageImpl\SlickOne.Module.MessageImpl.csproj", "{149EF194-8C33-422F-8204-FB187156CDD8}"
EndProject
Project("{FAE04EC0-301F-11D3-BF4B-00C04F79EFBC}") = "SlickOne.Module.ProcessImpl", "SlickOne.Module.ProcessImpl\SlickOne.Module.ProcessImpl.csproj", "{22EDFF30-AC6C-457C-9E83-4AD77AA4C094}"
EndProject
Global
	GlobalSection(SolutionConfigurationPlatforms) = preSolution
		Debug|Any CPU = Debug|Any CPU
		Release|Any CPU = Release|Any CPU
	EndGlobalSection
	GlobalSection(ProjectConfigurationPlatforms) = postSolution
		{857BCC23-BBDC-49B1-A182-DEE724880111}.Debug|Any CPU.ActiveCfg = Debug|Any CPU
		{857BCC23-BBDC-49B1-A182-DEE724880111}.Debug|Any CPU.Build.0 = Debug|Any CPU
		{857BCC23-BBDC-49B1-A182-DEE724880111}.Release|Any CPU.ActiveCfg = Release|Any CPU
		{857BCC23-BBDC-49B1-A182-DEE724880111}.Release|Any CPU.Build.0 = Release|Any CPU
		{4DA6306B-B9F0-4E06-ACA0-2A1400DD9BD0}.Debug|Any CPU.ActiveCfg = Debug|Any CPU
		{4DA6306B-B9F0-4E06-ACA0-2A1400DD9BD0}.Debug|Any CPU.Build.0 = Debug|Any CPU
		{4DA6306B-B9F0-4E06-ACA0-2A1400DD9BD0}.Release|Any CPU.ActiveCfg = Release|Any CPU
		{4DA6306B-B9F0-4E06-ACA0-2A1400DD9BD0}.Release|Any CPU.Build.0 = Release|Any CPU
		{769EC0AA-5139-403E-ABB4-502AA13283F0}.Debug|Any CPU.ActiveCfg = Debug|Any CPU
		{769EC0AA-5139-403E-ABB4-502AA13283F0}.Debug|Any CPU.Build.0 = Debug|Any CPU
		{769EC0AA-5139-403E-ABB4-502AA13283F0}.Release|Any CPU.ActiveCfg = Release|Any CPU
		{769EC0AA-5139-403E-ABB4-502AA13283F0}.Release|Any CPU.Build.0 = Release|Any CPU
		{2AD6F0AC-38DC-463D-96B0-1E1831AEA05E}.Debug|Any CPU.ActiveCfg = Debug|Any CPU
		{2AD6F0AC-38DC-463D-96B0-1E1831AEA05E}.Debug|Any CPU.Build.0 = Debug|Any CPU
		{2AD6F0AC-38DC-463D-96B0-1E1831AEA05E}.Release|Any CPU.ActiveCfg = Release|Any CPU
		{2AD6F0AC-38DC-463D-96B0-1E1831AEA05E}.Release|Any CPU.Build.0 = Release|Any CPU
		{EE5C936D-1912-48BF-874F-F489474A75E2}.Debug|Any CPU.ActiveCfg = Debug|Any CPU
		{EE5C936D-1912-48BF-874F-F489474A75E2}.Debug|Any CPU.Build.0 = Debug|Any CPU
		{EE5C936D-1912-48BF-874F-F489474A75E2}.Release|Any CPU.ActiveCfg = Release|Any CPU
		{EE5C936D-1912-48BF-874F-F489474A75E2}.Release|Any CPU.Build.0 = Release|Any CPU
		{371316A7-557D-4E56-8F4D-E52FC111830B}.Debug|Any CPU.ActiveCfg = Debug|Any CPU
		{371316A7-557D-4E56-8F4D-E52FC111830B}.Debug|Any CPU.Build.0 = Debug|Any CPU
		{371316A7-557D-4E56-8F4D-E52FC111830B}.Release|Any CPU.ActiveCfg = Release|Any CPU
		{371316A7-557D-4E56-8F4D-E52FC111830B}.Release|Any CPU.Build.0 = Release|Any CPU
		{149EF194-8C33-422F-8204-FB187156CDD8}.Debug|Any CPU.ActiveCfg = Debug|Any CPU
		{149EF194-8C33-422F-8204-FB187156CDD8}.Debug|Any CPU.Build.0 = Debug|Any CPU
		{149EF194-8C33-422F-8204-FB187156CDD8}.Release|Any CPU.ActiveCfg = Release|Any CPU
		{149EF194-8C33-422F-8204-FB187156CDD8}.Release|Any CPU.Build.0 = Release|Any CPU
		{22EDFF30-AC6C-457C-9E83-4AD77AA4C094}.Debug|Any CPU.ActiveCfg = Debug|Any CPU
		{22EDFF30-AC6C-457C-9E83-4AD77AA4C094}.Debug|Any CPU.Build.0 = Debug|Any CPU
		{22EDFF30-AC6C-457C-9E83-4AD77AA4C094}.Release|Any CPU.ActiveCfg = Release|Any CPU
		{22EDFF30-AC6C-457C-9E83-4AD77AA4C094}.Release|Any CPU.Build.0 = Release|Any CPU
	EndGlobalSection
	GlobalSection(SolutionProperties) = preSolution
		HideSolutionNode = FALSE
	EndGlobalSection
	GlobalSection(ExtensibilityGlobals) = postSolution
		SolutionGuid = {6810C1BF-A443-4977-A649-09A7D3509B9C}
	EndGlobalSection
EndGlobal
