
Microsoft Visual Studio Solution File, Format Version 12.00
# Visual Studio 15
VisualStudioVersion = 15.0.26020.0
MinimumVisualStudioVersion = 10.0.40219.1
Project("{FAE04EC0-301F-11D3-BF4B-00C04F79EFBC}") = "SlickOne.Biz", "SlickOne.Biz\SlickOne.Biz.csproj", "{79D7A322-276A-4FB5-B509-5219F3E80F63}"
EndProject
Project("{FAE04EC0-301F-11D3-BF4B-00C04F79EFBC}") = "SlickOne.Data", "SlickOne.Data\SlickOne.Data.csproj", "{E0A4FC43-54AF-49B3-A227-0CE9DB503903}"
EndProject
Project("{FAE04EC0-301F-11D3-BF4B-00C04F79EFBC}") = "SlickOne.WebUtility", "SlickOne.WebUtility\SlickOne.WebUtility.csproj", "{B90DE653-F768-465A-BB23-3B5B4D89C96C}"
EndProject
Project("{2150E333-8FDC-42A3-9474-1A3956D46DE8}") = "Basic", "Basic", "{FF4C38A3-8133-465F-B74A-7311A3D38576}"
EndProject
Project("{2150E333-8FDC-42A3-9474-1A3956D46DE8}") = "Service", "Service", "{E1E5974B-F4E8-4DD2-AA02-BBD1DAA32BA0}"
EndProject
Project("{FAE04EC0-301F-11D3-BF4B-00C04F79EFBC}") = "SlickOne.Module", "SlickOne.Module\SlickOne.Module.csproj", "{8193B232-C188-4F62-A571-81660E3A9B93}"
EndProject
Project("{FAE04EC0-301F-11D3-BF4B-00C04F79EFBC}") = "SlickOne.Module.AuthImp", "SlickOne.Module.AuthImp\SlickOne.Module.AuthImp.csproj", "{80D57A25-341C-49E7-8803-62EE6FC6C35D}"
EndProject
Project("{2150E333-8FDC-42A3-9474-1A3956D46DE8}") = "Web", "Web", "{04D717B2-9561-4415-9D62-2C421179BC2B}"
EndProject
Project("{2150E333-8FDC-42A3-9474-1A3956D46DE8}") = "Interface", "Interface", "{98A94B4E-8399-4347-BE04-84FC5A22B326}"
EndProject
Project("{FAE04EC0-301F-11D3-BF4B-00C04F79EFBC}") = "SlickOne.Web", "SlickOne.Web\SlickOne.Web.csproj", "{CB8E4382-2B8F-43A7-9773-BAF599FA0C29}"
EndProject
Project("{FAE04EC0-301F-11D3-BF4B-00C04F79EFBC}") = "Dapper", "Dapper\Dapper.csproj", "{4DA6306B-B9F0-4E06-ACA0-2A1400DD9BD0}"
EndProject
Global
	GlobalSection(SolutionConfigurationPlatforms) = preSolution
		Debug|Any CPU = Debug|Any CPU
		Release|Any CPU = Release|Any CPU
	EndGlobalSection
	GlobalSection(ProjectConfigurationPlatforms) = postSolution
		{79D7A322-276A-4FB5-B509-5219F3E80F63}.Debug|Any CPU.ActiveCfg = Debug|Any CPU
		{79D7A322-276A-4FB5-B509-5219F3E80F63}.Debug|Any CPU.Build.0 = Debug|Any CPU
		{79D7A322-276A-4FB5-B509-5219F3E80F63}.Release|Any CPU.ActiveCfg = Release|Any CPU
		{79D7A322-276A-4FB5-B509-5219F3E80F63}.Release|Any CPU.Build.0 = Release|Any CPU
		{E0A4FC43-54AF-49B3-A227-0CE9DB503903}.Debug|Any CPU.ActiveCfg = Debug|Any CPU
		{E0A4FC43-54AF-49B3-A227-0CE9DB503903}.Debug|Any CPU.Build.0 = Debug|Any CPU
		{E0A4FC43-54AF-49B3-A227-0CE9DB503903}.Release|Any CPU.ActiveCfg = Release|Any CPU
		{E0A4FC43-54AF-49B3-A227-0CE9DB503903}.Release|Any CPU.Build.0 = Release|Any CPU
		{B90DE653-F768-465A-BB23-3B5B4D89C96C}.Debug|Any CPU.ActiveCfg = Debug|Any CPU
		{B90DE653-F768-465A-BB23-3B5B4D89C96C}.Debug|Any CPU.Build.0 = Debug|Any CPU
		{B90DE653-F768-465A-BB23-3B5B4D89C96C}.Release|Any CPU.ActiveCfg = Release|Any CPU
		{B90DE653-F768-465A-BB23-3B5B4D89C96C}.Release|Any CPU.Build.0 = Release|Any CPU
		{8193B232-C188-4F62-A571-81660E3A9B93}.Debug|Any CPU.ActiveCfg = Debug|Any CPU
		{8193B232-C188-4F62-A571-81660E3A9B93}.Debug|Any CPU.Build.0 = Debug|Any CPU
		{8193B232-C188-4F62-A571-81660E3A9B93}.Release|Any CPU.ActiveCfg = Release|Any CPU
		{8193B232-C188-4F62-A571-81660E3A9B93}.Release|Any CPU.Build.0 = Release|Any CPU
		{80D57A25-341C-49E7-8803-62EE6FC6C35D}.Debug|Any CPU.ActiveCfg = Debug|Any CPU
		{80D57A25-341C-49E7-8803-62EE6FC6C35D}.Debug|Any CPU.Build.0 = Debug|Any CPU
		{80D57A25-341C-49E7-8803-62EE6FC6C35D}.Release|Any CPU.ActiveCfg = Release|Any CPU
		{80D57A25-341C-49E7-8803-62EE6FC6C35D}.Release|Any CPU.Build.0 = Release|Any CPU
		{CB8E4382-2B8F-43A7-9773-BAF599FA0C29}.Debug|Any CPU.ActiveCfg = Debug|Any CPU
		{CB8E4382-2B8F-43A7-9773-BAF599FA0C29}.Debug|Any CPU.Build.0 = Debug|Any CPU
		{CB8E4382-2B8F-43A7-9773-BAF599FA0C29}.Release|Any CPU.ActiveCfg = Release|Any CPU
		{CB8E4382-2B8F-43A7-9773-BAF599FA0C29}.Release|Any CPU.Build.0 = Release|Any CPU
		{4DA6306B-B9F0-4E06-ACA0-2A1400DD9BD0}.Debug|Any CPU.ActiveCfg = Debug|Any CPU
		{4DA6306B-B9F0-4E06-ACA0-2A1400DD9BD0}.Debug|Any CPU.Build.0 = Debug|Any CPU
		{4DA6306B-B9F0-4E06-ACA0-2A1400DD9BD0}.Release|Any CPU.ActiveCfg = Release|Any CPU
		{4DA6306B-B9F0-4E06-ACA0-2A1400DD9BD0}.Release|Any CPU.Build.0 = Release|Any CPU
	EndGlobalSection
	GlobalSection(SolutionProperties) = preSolution
		HideSolutionNode = FALSE
	EndGlobalSection
	GlobalSection(NestedProjects) = preSolution
		{79D7A322-276A-4FB5-B509-5219F3E80F63} = {E1E5974B-F4E8-4DD2-AA02-BBD1DAA32BA0}
		{E0A4FC43-54AF-49B3-A227-0CE9DB503903} = {FF4C38A3-8133-465F-B74A-7311A3D38576}
		{B90DE653-F768-465A-BB23-3B5B4D89C96C} = {FF4C38A3-8133-465F-B74A-7311A3D38576}
		{8193B232-C188-4F62-A571-81660E3A9B93} = {98A94B4E-8399-4347-BE04-84FC5A22B326}
		{80D57A25-341C-49E7-8803-62EE6FC6C35D} = {E1E5974B-F4E8-4DD2-AA02-BBD1DAA32BA0}
		{CB8E4382-2B8F-43A7-9773-BAF599FA0C29} = {04D717B2-9561-4415-9D62-2C421179BC2B}
		{4DA6306B-B9F0-4E06-ACA0-2A1400DD9BD0} = {FF4C38A3-8133-465F-B74A-7311A3D38576}
	EndGlobalSection
EndGlobal
