
Microsoft Visual Studio Solution File, Format Version 12.00
# Visual Studio Version 17
VisualStudioVersion = 17.0.31903.59
MinimumVisualStudioVersion = 10.0.40219.1
Project("{9A19103F-16F7-4668-BE54-9A1E7A4F7556}") = "SlickOne.Data", "SlickOne.Data\SlickOne.Data.csproj", "{857BCC23-BBDC-49B1-A182-DEE724880111}"
EndProject
Project("{9A19103F-16F7-4668-BE54-9A1E7A4F7556}") = "SlickOne.Module", "SlickOne.Module\SlickOne.Module.csproj", "{769EC0AA-5139-403E-ABB4-502AA13283F0}"
EndProject
Project("{9A19103F-16F7-4668-BE54-9A1E7A4F7556}") = "SlickOne.Module.AuthImpl", "SlickOne.Module.AuthImpl\SlickOne.Module.AuthImpl.csproj", "{2AD6F0AC-38DC-463D-96B0-1E1831AEA05E}"
EndProject
Project("{9A19103F-16F7-4668-BE54-9A1E7A4F7556}") = "SlickOne.Module.MessageImpl", "SlickOne.Module.MessageImpl\SlickOne.Module.MessageImpl.csproj", "{149EF194-8C33-422F-8204-FB187156CDD8}"
EndProject
Project("{9A19103F-16F7-4668-BE54-9A1E7A4F7556}") = "SlickOne.Module.ProcessImpl", "SlickOne.Module.ProcessImpl\SlickOne.Module.ProcessImpl.csproj", "{22EDFF30-AC6C-457C-9E83-4AD77AA4C094}"
EndProject
Project("{9A19103F-16F7-4668-BE54-9A1E7A4F7556}") = "Dapper", "Dapper\Dapper.csproj", "{3E2ED695-56F3-4EF7-9B5E-DF74940CF2F3}"
EndProject
Project("{2150E333-8FDC-42A3-9474-1A3956D46DE8}") = "Basic", "Basic", "{3ACE0339-2BBC-4C22-BD22-3B8C27A09176}"
EndProject
Project("{2150E333-8FDC-42A3-9474-1A3956D46DE8}") = "Impl", "Impl", "{475CA58B-92F5-475B-AE25-22C6E183D49D}"
EndProject
Project("{2150E333-8FDC-42A3-9474-1A3956D46DE8}") = "Web", "Web", "{5FDC0AE6-2C23-44B3-9E29-7261E6F99C42}"
EndProject
Project("{9A19103F-16F7-4668-BE54-9A1E7A4F7556}") = "SlickOne.Web", "SlickOne.Web\SlickOne.Web.csproj", "{9AF492AD-DA73-4161-8584-406A4C429561}"
EndProject
Project("{9A19103F-16F7-4668-BE54-9A1E7A4F7556}") = "SlickOne.WebUtility", "SlickOne.WebUtility\SlickOne.WebUtility.csproj", "{A1FFD859-CF12-41B6-98E5-DF467E95BC94}"
EndProject
Project("{9A19103F-16F7-4668-BE54-9A1E7A4F7556}") = "Synercoding.FormsAuthentication", "Synercoding.FormsAuthentication\Synercoding.FormsAuthentication.csproj", "{DBD17D39-4EF0-494B-BEBA-436EAECAB570}"
EndProject
Global
	GlobalSection(SolutionConfigurationPlatforms) = preSolution
		Debug|Any CPU = Debug|Any CPU
		Release|Any CPU = Release|Any CPU
	EndGlobalSection
	GlobalSection(ProjectConfigurationPlatforms) = postSolution
		{857BCC23-BBDC-49B1-A182-DEE724880111}.Debug|Any CPU.ActiveCfg = Debug|Any CPU
		{857BCC23-BBDC-49B1-A182-DEE724880111}.Debug|Any CPU.Build.0 = Debug|Any CPU
		{857BCC23-BBDC-49B1-A182-DEE724880111}.Release|Any CPU.ActiveCfg = Release|Any CPU
		{857BCC23-BBDC-49B1-A182-DEE724880111}.Release|Any CPU.Build.0 = Release|Any CPU
		{769EC0AA-5139-403E-ABB4-502AA13283F0}.Debug|Any CPU.ActiveCfg = Debug|Any CPU
		{769EC0AA-5139-403E-ABB4-502AA13283F0}.Debug|Any CPU.Build.0 = Debug|Any CPU
		{769EC0AA-5139-403E-ABB4-502AA13283F0}.Release|Any CPU.ActiveCfg = Release|Any CPU
		{769EC0AA-5139-403E-ABB4-502AA13283F0}.Release|Any CPU.Build.0 = Release|Any CPU
		{2AD6F0AC-38DC-463D-96B0-1E1831AEA05E}.Debug|Any CPU.ActiveCfg = Debug|Any CPU
		{2AD6F0AC-38DC-463D-96B0-1E1831AEA05E}.Debug|Any CPU.Build.0 = Debug|Any CPU
		{2AD6F0AC-38DC-463D-96B0-1E1831AEA05E}.Release|Any CPU.ActiveCfg = Release|Any CPU
		{2AD6F0AC-38DC-463D-96B0-1E1831AEA05E}.Release|Any CPU.Build.0 = Release|Any CPU
		{149EF194-8C33-422F-8204-FB187156CDD8}.Debug|Any CPU.ActiveCfg = Debug|Any CPU
		{149EF194-8C33-422F-8204-FB187156CDD8}.Debug|Any CPU.Build.0 = Debug|Any CPU
		{149EF194-8C33-422F-8204-FB187156CDD8}.Release|Any CPU.ActiveCfg = Release|Any CPU
		{149EF194-8C33-422F-8204-FB187156CDD8}.Release|Any CPU.Build.0 = Release|Any CPU
		{22EDFF30-AC6C-457C-9E83-4AD77AA4C094}.Debug|Any CPU.ActiveCfg = Debug|Any CPU
		{22EDFF30-AC6C-457C-9E83-4AD77AA4C094}.Debug|Any CPU.Build.0 = Debug|Any CPU
		{22EDFF30-AC6C-457C-9E83-4AD77AA4C094}.Release|Any CPU.ActiveCfg = Release|Any CPU
		{22EDFF30-AC6C-457C-9E83-4AD77AA4C094}.Release|Any CPU.Build.0 = Release|Any CPU
		{3E2ED695-56F3-4EF7-9B5E-DF74940CF2F3}.Debug|Any CPU.ActiveCfg = Debug|Any CPU
		{3E2ED695-56F3-4EF7-9B5E-DF74940CF2F3}.Debug|Any CPU.Build.0 = Debug|Any CPU
		{3E2ED695-56F3-4EF7-9B5E-DF74940CF2F3}.Release|Any CPU.ActiveCfg = Release|Any CPU
		{3E2ED695-56F3-4EF7-9B5E-DF74940CF2F3}.Release|Any CPU.Build.0 = Release|Any CPU
		{9AF492AD-DA73-4161-8584-406A4C429561}.Debug|Any CPU.ActiveCfg = Debug|Any CPU
		{9AF492AD-DA73-4161-8584-406A4C429561}.Debug|Any CPU.Build.0 = Debug|Any CPU
		{9AF492AD-DA73-4161-8584-406A4C429561}.Release|Any CPU.ActiveCfg = Release|Any CPU
		{9AF492AD-DA73-4161-8584-406A4C429561}.Release|Any CPU.Build.0 = Release|Any CPU
		{A1FFD859-CF12-41B6-98E5-DF467E95BC94}.Debug|Any CPU.ActiveCfg = Debug|Any CPU
		{A1FFD859-CF12-41B6-98E5-DF467E95BC94}.Debug|Any CPU.Build.0 = Debug|Any CPU
		{A1FFD859-CF12-41B6-98E5-DF467E95BC94}.Release|Any CPU.ActiveCfg = Release|Any CPU
		{A1FFD859-CF12-41B6-98E5-DF467E95BC94}.Release|Any CPU.Build.0 = Release|Any CPU
		{DBD17D39-4EF0-494B-BEBA-436EAECAB570}.Debug|Any CPU.ActiveCfg = Debug|Any CPU
		{DBD17D39-4EF0-494B-BEBA-436EAECAB570}.Debug|Any CPU.Build.0 = Debug|Any CPU
		{DBD17D39-4EF0-494B-BEBA-436EAECAB570}.Release|Any CPU.ActiveCfg = Release|Any CPU
		{DBD17D39-4EF0-494B-BEBA-436EAECAB570}.Release|Any CPU.Build.0 = Release|Any CPU
	EndGlobalSection
	GlobalSection(SolutionProperties) = preSolution
		HideSolutionNode = FALSE
	EndGlobalSection
	GlobalSection(NestedProjects) = preSolution
		{857BCC23-BBDC-49B1-A182-DEE724880111} = {3ACE0339-2BBC-4C22-BD22-3B8C27A09176}
		{769EC0AA-5139-403E-ABB4-502AA13283F0} = {3ACE0339-2BBC-4C22-BD22-3B8C27A09176}
		{2AD6F0AC-38DC-463D-96B0-1E1831AEA05E} = {475CA58B-92F5-475B-AE25-22C6E183D49D}
		{149EF194-8C33-422F-8204-FB187156CDD8} = {475CA58B-92F5-475B-AE25-22C6E183D49D}
		{22EDFF30-AC6C-457C-9E83-4AD77AA4C094} = {475CA58B-92F5-475B-AE25-22C6E183D49D}
		{3E2ED695-56F3-4EF7-9B5E-DF74940CF2F3} = {3ACE0339-2BBC-4C22-BD22-3B8C27A09176}
		{9AF492AD-DA73-4161-8584-406A4C429561} = {5FDC0AE6-2C23-44B3-9E29-7261E6F99C42}
		{A1FFD859-CF12-41B6-98E5-DF467E95BC94} = {3ACE0339-2BBC-4C22-BD22-3B8C27A09176}
		{DBD17D39-4EF0-494B-BEBA-436EAECAB570} = {3ACE0339-2BBC-4C22-BD22-3B8C27A09176}
	EndGlobalSection
	GlobalSection(ExtensibilityGlobals) = postSolution
		SolutionGuid = {6810C1BF-A443-4977-A649-09A7D3509B9C}
	EndGlobalSection
EndGlobal
